
Microsoft Visual Studio Solution File, Format Version 12.00
# Visual Studio Version 17
VisualStudioVersion = 17.9.34728.123
MinimumVisualStudioVersion = 10.0.40219.1
Project("{9A19103F-16F7-4668-BE54-9A1E7A4F7556}") = "WpfApp", "WpfApp\WpfApp.csproj", "{C5921DDF-E523-461D-BB8F-1205AC32DFB4}"
EndProject
Global
	GlobalSection(SolutionConfigurationPlatforms) = preSolution
		Debug|Any CPU = Debug|Any CPU
		Release|Any CPU = Release|Any CPU
	EndGlobalSection
	GlobalSection(ProjectConfigurationPlatforms) = postSolution
		{C5921DDF-E523-461D-BB8F-1205AC32DFB4}.Debug|Any CPU.ActiveCfg = Release|Any CPU
		{C5921DDF-E523-461D-BB8F-1205AC32DFB4}.Debug|Any CPU.Build.0 = Release|Any CPU
		{C5921DDF-E523-461D-BB8F-1205AC32DFB4}.Release|Any CPU.ActiveCfg = Release|Any CPU
		{C5921DDF-E523-461D-BB8F-1205AC32DFB4}.Release|Any CPU.Build.0 = Release|Any CPU
	EndGlobalSection
	GlobalSection(SolutionProperties) = preSolution
		HideSolutionNode = FALSE
	EndGlobalSection
	GlobalSection(ExtensibilityGlobals) = postSolution
		SolutionGuid = {3598A8D1-2AB8-4C8F-90F9-5E44222CF889}
	EndGlobalSection
EndGlobal
